%{"binary": {:hex, :binary, "0.0.4", "dd077db70c0ded3e85c132b802338e14b80694684a7e2277666bfa4004b7fa66", [:mix], [], "hexpm"},
  "datastructures": {:hex, :datastructures, "0.2.8", "cd9f53bed18f1d9526689a9559676c682b5a3ba230c1e3de187182f4ff86899c", [:mix], [], "hexpm"},
  "dialyxir": {:hex, :dialyxir, "0.5.0", "5bc543f9c28ecd51b99cc1a685a3c2a1a93216990347f259406a910cf048d1d7", [:mix], [], "hexpm"},
  "earmark": {:hex, :earmark, "1.2.0", "bf1ce17aea43ab62f6943b97bd6e3dc032ce45d4f787504e3adf738e54b42f3a", [:mix], [], "hexpm"},
  "ex_doc": {:hex, :ex_doc, "0.15.1", "d5f9d588fd802152516fccfdb96d6073753f77314fcfee892b15b6724ca0d596", [:mix], [{:earmark, "~> 1.1", [hex: :earmark, repo: "hexpm", optional: false]}], "hexpm"},
  "exlager": {:git, "https://github.com/khia/exlager.git", "dfee7fffcbb44f9ecd79f1237bae0f170bb27d87", [branch: "master"]},
  "exts": {:hex, :exts, "0.3.4", "ec2af096ab4494c087a9615fffe9d5ba8a0fa0ccc465b340ee522ed7aff79078", [:mix], [{:datastructures, "~> 0.2", [hex: :datastructures, repo: "hexpm", optional: false]}], "hexpm"},
  "goldrush": {:git, "https://github.com/basho/goldrush.git", "8f1b715d36b650ec1e1f5612c00e28af6ab0de82", [tag: "0.1.9"]},
  "lager": {:git, "https://github.com/basho/lager.git", "81eaef0ce98fdbf64ab95665e3bc2ec4b24c7dac", [tag: "3.2.4"]},
  "libsecp256k1": {:git, "https://github.com/mbrix/libsecp256k1.git", "671be513a6c19db47fbeea0ceefbf61421d196cc", []},
  "poison": {:hex, :poison, "3.1.0", "d9eb636610e096f86f25d9a46f35a9facac35609a7591b3be3326e99a0484665", [:mix], [], "hexpm"},
  "reagent": {:hex, :reagent, "0.1.14", "f6eaa35266091a41c93ae18b510472fa7c931c1f67a030d213ab0206ace843e1", [:mix], [{:exts, "~> 0.3", [hex: :exts, repo: "hexpm", optional: false]}, {:socket, "~> 0.3", [hex: :socket, repo: "hexpm", optional: false]}], "hexpm"},
  "socket": {:hex, :socket, "0.3.11", "46004230045c2207c0b90adb9abe3ba15a83e634b341ac37af39a4adf48ed00b", [:mix], [], "hexpm"}}
